
Microsoft Visual Studio Solution File, Format Version 12.00
# Visual Studio Version 17
VisualStudioVersion = 17.0.32112.339
MinimumVisualStudioVersion = 10.0.40219.1
Project("{9A19103F-16F7-4668-BE54-9A1E7A4F7556}") = "Exchange.Server", "Exchange.Server\Exchange.Server.csproj", "{D263B1F7-C4EC-43E3-A702-7249D0EB2B9C}"
EndProject
Project("{9A19103F-16F7-4668-BE54-9A1E7A4F7556}") = "Exchange.Server.Tests", "Exchange.Server.Tests\Exchange.Server.Tests.csproj", "{27FFA250-EDCE-42FD-A7F2-BFDDD69E2A02}"
EndProject
Project("{9A19103F-16F7-4668-BE54-9A1E7A4F7556}") = "Exchange.System.Tests", "Exchange.System.Tests\Exchange.System.Tests.csproj", "{8673329A-6FD2-4BEA-81EC-0AD49EBFE961}"
EndProject
Project("{9A19103F-16F7-4668-BE54-9A1E7A4F7556}") = "Exchange.Sample.Client", "Exchange.Sample.Client\Exchange.Sample.Client.csproj", "{49DF8442-EA94-4657-8C66-EF38E85D8979}"
EndProject
Project("{9A19103F-16F7-4668-BE54-9A1E7A4F7556}") = "Exchange.System", "Exchange.System\Exchange.System.csproj", "{57C4E9C8-E8E9-4CA7-A5C5-6F050EEB2E2D}"
EndProject
Project("{FAE04EC0-301F-11D3-BF4B-00C04F79EFBC}") = "Exchange.Tests", "Exchange.Tests\Exchange.Tests.csproj", "{AE623B24-CDB4-4752-87B3-E8810EAA7A2E}"
EndProject
Global
	GlobalSection(SolutionConfigurationPlatforms) = preSolution
		Debug|Any CPU = Debug|Any CPU
		Release|Any CPU = Release|Any CPU
	EndGlobalSection
	GlobalSection(ProjectConfigurationPlatforms) = postSolution
		{D263B1F7-C4EC-43E3-A702-7249D0EB2B9C}.Debug|Any CPU.ActiveCfg = Debug|Any CPU
		{D263B1F7-C4EC-43E3-A702-7249D0EB2B9C}.Debug|Any CPU.Build.0 = Debug|Any CPU
		{D263B1F7-C4EC-43E3-A702-7249D0EB2B9C}.Release|Any CPU.ActiveCfg = Release|Any CPU
		{D263B1F7-C4EC-43E3-A702-7249D0EB2B9C}.Release|Any CPU.Build.0 = Release|Any CPU
		{27FFA250-EDCE-42FD-A7F2-BFDDD69E2A02}.Debug|Any CPU.ActiveCfg = Debug|Any CPU
		{27FFA250-EDCE-42FD-A7F2-BFDDD69E2A02}.Debug|Any CPU.Build.0 = Debug|Any CPU
		{27FFA250-EDCE-42FD-A7F2-BFDDD69E2A02}.Release|Any CPU.ActiveCfg = Release|Any CPU
		{27FFA250-EDCE-42FD-A7F2-BFDDD69E2A02}.Release|Any CPU.Build.0 = Release|Any CPU
		{8673329A-6FD2-4BEA-81EC-0AD49EBFE961}.Debug|Any CPU.ActiveCfg = Debug|Any CPU
		{8673329A-6FD2-4BEA-81EC-0AD49EBFE961}.Debug|Any CPU.Build.0 = Debug|Any CPU
		{8673329A-6FD2-4BEA-81EC-0AD49EBFE961}.Release|Any CPU.ActiveCfg = Release|Any CPU
		{8673329A-6FD2-4BEA-81EC-0AD49EBFE961}.Release|Any CPU.Build.0 = Release|Any CPU
		{49DF8442-EA94-4657-8C66-EF38E85D8979}.Debug|Any CPU.ActiveCfg = Debug|Any CPU
		{49DF8442-EA94-4657-8C66-EF38E85D8979}.Debug|Any CPU.Build.0 = Debug|Any CPU
		{49DF8442-EA94-4657-8C66-EF38E85D8979}.Release|Any CPU.ActiveCfg = Release|Any CPU
		{49DF8442-EA94-4657-8C66-EF38E85D8979}.Release|Any CPU.Build.0 = Release|Any CPU
		{57C4E9C8-E8E9-4CA7-A5C5-6F050EEB2E2D}.Debug|Any CPU.ActiveCfg = Debug|Any CPU
		{57C4E9C8-E8E9-4CA7-A5C5-6F050EEB2E2D}.Debug|Any CPU.Build.0 = Debug|Any CPU
		{57C4E9C8-E8E9-4CA7-A5C5-6F050EEB2E2D}.Release|Any CPU.ActiveCfg = Release|Any CPU
		{57C4E9C8-E8E9-4CA7-A5C5-6F050EEB2E2D}.Release|Any CPU.Build.0 = Release|Any CPU
		{AE623B24-CDB4-4752-87B3-E8810EAA7A2E}.Debug|Any CPU.ActiveCfg = Debug|Any CPU
		{AE623B24-CDB4-4752-87B3-E8810EAA7A2E}.Debug|Any CPU.Build.0 = Debug|Any CPU
		{AE623B24-CDB4-4752-87B3-E8810EAA7A2E}.Release|Any CPU.ActiveCfg = Release|Any CPU
		{AE623B24-CDB4-4752-87B3-E8810EAA7A2E}.Release|Any CPU.Build.0 = Release|Any CPU
	EndGlobalSection
	GlobalSection(SolutionProperties) = preSolution
		HideSolutionNode = FALSE
	EndGlobalSection
	GlobalSection(ExtensibilityGlobals) = postSolution
		SolutionGuid = {18F452CC-1015-4D08-8BF1-09C4237197C3}
	EndGlobalSection
EndGlobal
