
Microsoft Visual Studio Solution File, Format Version 12.00
# Visual Studio Version 16
VisualStudioVersion = 16.0.31005.135
MinimumVisualStudioVersion = 10.0.40219.1
Project("{FAE04EC0-301F-11D3-BF4B-00C04F79EFBC}") = "Exchange.System", "Exchange.System\Exchange.System.csproj", "{774240A1-B4D0-4288-8871-5C32D8BE45FF}"
EndProject
Project("{9A19103F-16F7-4668-BE54-9A1E7A4F7556}") = "Exchange.Server", "Exchange.Server\Exchange.Server.csproj", "{D263B1F7-C4EC-43E3-A702-7249D0EB2B9C}"
EndProject
Global
	GlobalSection(SolutionConfigurationPlatforms) = preSolution
		Debug|Any CPU = Debug|Any CPU
		Release|Any CPU = Release|Any CPU
	EndGlobalSection
	GlobalSection(ProjectConfigurationPlatforms) = postSolution
		{774240A1-B4D0-4288-8871-5C32D8BE45FF}.Debug|Any CPU.ActiveCfg = Debug|Any CPU
		{774240A1-B4D0-4288-8871-5C32D8BE45FF}.Debug|Any CPU.Build.0 = Debug|Any CPU
		{774240A1-B4D0-4288-8871-5C32D8BE45FF}.Release|Any CPU.ActiveCfg = Release|Any CPU
		{774240A1-B4D0-4288-8871-5C32D8BE45FF}.Release|Any CPU.Build.0 = Release|Any CPU
		{D263B1F7-C4EC-43E3-A702-7249D0EB2B9C}.Debug|Any CPU.ActiveCfg = Debug|Any CPU
		{D263B1F7-C4EC-43E3-A702-7249D0EB2B9C}.Debug|Any CPU.Build.0 = Debug|Any CPU
		{D263B1F7-C4EC-43E3-A702-7249D0EB2B9C}.Release|Any CPU.ActiveCfg = Release|Any CPU
		{D263B1F7-C4EC-43E3-A702-7249D0EB2B9C}.Release|Any CPU.Build.0 = Release|Any CPU
	EndGlobalSection
	GlobalSection(SolutionProperties) = preSolution
		HideSolutionNode = FALSE
	EndGlobalSection
	GlobalSection(ExtensibilityGlobals) = postSolution
		SolutionGuid = {18F452CC-1015-4D08-8BF1-09C4237197C3}
	EndGlobalSection
EndGlobal
